
Microsoft Visual Studio Solution File, Format Version 12.00
# Visual Studio Version 17
VisualStudioVersion = 17.8.34322.80
MinimumVisualStudioVersion = 10.0.40219.1
Project("{2150E333-8FDC-42A3-9474-1A3956D46DE8}") = "Products", "Products", "{E9D3524A-D48E-44E7-9B2D-8EDBA4A95BAE}"
EndProject
Project("{9A19103F-16F7-4668-BE54-9A1E7A4F7556}") = "Products.Services", "Products\Products.Services\Products.Services.csproj", "{0CC3F163-8816-487E-83E4-A279D997CFE8}"
EndProject
Project("{9A19103F-16F7-4668-BE54-9A1E7A4F7556}") = "Helper", "Helper\Helper.csproj", "{19B2F837-54E7-4FF1-8476-263F1C08FF6F}"
EndProject
Project("{9A19103F-16F7-4668-BE54-9A1E7A4F7556}") = "Products.DataModel", "Products\Products.DataModel\Products.DataModel.csproj", "{AE545620-230B-4F42-B828-DEDC86ACDC7E}"
EndProject
Project("{2150E333-8FDC-42A3-9474-1A3956D46DE8}") = "Ui", "Ui", "{6BF870FA-437D-414A-8131-7F06E62E3221}"
EndProject
Project("{2150E333-8FDC-42A3-9474-1A3956D46DE8}") = "Order", "Order", "{D16805EC-C999-4353-9CFB-E30CFC0E5B69}"
EndProject
Project("{9A19103F-16F7-4668-BE54-9A1E7A4F7556}") = "Order.DataModel", "Order\Order.DataModel\Order.DataModel.csproj", "{BC2EB82A-8AD0-44DE-BA41-F2C6A3F819EE}"
EndProject
Project("{9A19103F-16F7-4668-BE54-9A1E7A4F7556}") = "Order.Services", "Order\Order.Services\Order.Services.csproj", "{92E96F8F-7F78-475C-A85C-A4152926824C}"
EndProject
Project("{9A19103F-16F7-4668-BE54-9A1E7A4F7556}") = "Order.Api", "Order\Order.Api\Order.Api.csproj", "{095D1E41-0F3F-4033-BEF7-BB8AC317982B}"
EndProject
Project("{2150E333-8FDC-42A3-9474-1A3956D46DE8}") = "Authorize", "Authorize", "{6E380B4D-16C6-4C88-B5D1-316B0F471F0D}"
EndProject
Project("{9A19103F-16F7-4668-BE54-9A1E7A4F7556}") = "AuthService.DataModel", "AuthService\AuthService.DataModel\AuthService.DataModel.csproj", "{07132A06-43E6-4694-981B-3DAD13E34E59}"
EndProject
Project("{9A19103F-16F7-4668-BE54-9A1E7A4F7556}") = "AuthService.Services", "AuthService\AuthService.Services\AuthService.Services.csproj", "{1FFC5835-0839-4BA4-9BA4-E421CFC86DBF}"
EndProject
Project("{9A19103F-16F7-4668-BE54-9A1E7A4F7556}") = "Products.Api", "Products\Products.Api\Products.Api.csproj", "{EE8D73B8-4EC1-4A47-A1BC-94C79926EBDC}"
EndProject
Project("{9A19103F-16F7-4668-BE54-9A1E7A4F7556}") = "Admin.UI", "Admin.UI\Admin.UI\Admin.UI.csproj", "{D028E4A8-A7EC-4EB6-A0CA-8AF77FB7318B}"
EndProject
Project("{9A19103F-16F7-4668-BE54-9A1E7A4F7556}") = "Site", "Site\Site.csproj", "{18A98760-F07F-4560-8FA2-AB527228AE35}"
EndProject
Project("{9A19103F-16F7-4668-BE54-9A1E7A4F7556}") = "Order.test", "Order\Order.test\Order.test.csproj", "{3A287FA8-EB44-49C9-AEA4-F22787FABA85}"
EndProject
Project("{FAE04EC0-301F-11D3-BF4B-00C04F79EFBC}") = "AuthService.Api", "AuthService\AuthService.Api\AuthService.Api.csproj", "{FEA10060-3F14-44F8-BC9E-526F0F7E6842}"
EndProject
Global
	GlobalSection(SolutionConfigurationPlatforms) = preSolution
		Debug|Any CPU = Debug|Any CPU
		Release|Any CPU = Release|Any CPU
	EndGlobalSection
	GlobalSection(ProjectConfigurationPlatforms) = postSolution
		{0CC3F163-8816-487E-83E4-A279D997CFE8}.Debug|Any CPU.ActiveCfg = Debug|Any CPU
		{0CC3F163-8816-487E-83E4-A279D997CFE8}.Debug|Any CPU.Build.0 = Debug|Any CPU
		{0CC3F163-8816-487E-83E4-A279D997CFE8}.Release|Any CPU.ActiveCfg = Release|Any CPU
		{0CC3F163-8816-487E-83E4-A279D997CFE8}.Release|Any CPU.Build.0 = Release|Any CPU
		{19B2F837-54E7-4FF1-8476-263F1C08FF6F}.Debug|Any CPU.ActiveCfg = Debug|Any CPU
		{19B2F837-54E7-4FF1-8476-263F1C08FF6F}.Debug|Any CPU.Build.0 = Debug|Any CPU
		{19B2F837-54E7-4FF1-8476-263F1C08FF6F}.Release|Any CPU.ActiveCfg = Release|Any CPU
		{19B2F837-54E7-4FF1-8476-263F1C08FF6F}.Release|Any CPU.Build.0 = Release|Any CPU
		{AE545620-230B-4F42-B828-DEDC86ACDC7E}.Debug|Any CPU.ActiveCfg = Debug|Any CPU
		{AE545620-230B-4F42-B828-DEDC86ACDC7E}.Debug|Any CPU.Build.0 = Debug|Any CPU
		{AE545620-230B-4F42-B828-DEDC86ACDC7E}.Release|Any CPU.ActiveCfg = Release|Any CPU
		{AE545620-230B-4F42-B828-DEDC86ACDC7E}.Release|Any CPU.Build.0 = Release|Any CPU
		{BC2EB82A-8AD0-44DE-BA41-F2C6A3F819EE}.Debug|Any CPU.ActiveCfg = Debug|Any CPU
		{BC2EB82A-8AD0-44DE-BA41-F2C6A3F819EE}.Debug|Any CPU.Build.0 = Debug|Any CPU
		{BC2EB82A-8AD0-44DE-BA41-F2C6A3F819EE}.Release|Any CPU.ActiveCfg = Release|Any CPU
		{BC2EB82A-8AD0-44DE-BA41-F2C6A3F819EE}.Release|Any CPU.Build.0 = Release|Any CPU
		{92E96F8F-7F78-475C-A85C-A4152926824C}.Debug|Any CPU.ActiveCfg = Debug|Any CPU
		{92E96F8F-7F78-475C-A85C-A4152926824C}.Debug|Any CPU.Build.0 = Debug|Any CPU
		{92E96F8F-7F78-475C-A85C-A4152926824C}.Release|Any CPU.ActiveCfg = Release|Any CPU
		{92E96F8F-7F78-475C-A85C-A4152926824C}.Release|Any CPU.Build.0 = Release|Any CPU
		{095D1E41-0F3F-4033-BEF7-BB8AC317982B}.Debug|Any CPU.ActiveCfg = Debug|Any CPU
		{095D1E41-0F3F-4033-BEF7-BB8AC317982B}.Debug|Any CPU.Build.0 = Debug|Any CPU
		{095D1E41-0F3F-4033-BEF7-BB8AC317982B}.Release|Any CPU.ActiveCfg = Release|Any CPU
		{095D1E41-0F3F-4033-BEF7-BB8AC317982B}.Release|Any CPU.Build.0 = Release|Any CPU
		{07132A06-43E6-4694-981B-3DAD13E34E59}.Debug|Any CPU.ActiveCfg = Debug|Any CPU
		{07132A06-43E6-4694-981B-3DAD13E34E59}.Debug|Any CPU.Build.0 = Debug|Any CPU
		{07132A06-43E6-4694-981B-3DAD13E34E59}.Release|Any CPU.ActiveCfg = Release|Any CPU
		{07132A06-43E6-4694-981B-3DAD13E34E59}.Release|Any CPU.Build.0 = Release|Any CPU
		{1FFC5835-0839-4BA4-9BA4-E421CFC86DBF}.Debug|Any CPU.ActiveCfg = Debug|Any CPU
		{1FFC5835-0839-4BA4-9BA4-E421CFC86DBF}.Debug|Any CPU.Build.0 = Debug|Any CPU
		{1FFC5835-0839-4BA4-9BA4-E421CFC86DBF}.Release|Any CPU.ActiveCfg = Release|Any CPU
		{1FFC5835-0839-4BA4-9BA4-E421CFC86DBF}.Release|Any CPU.Build.0 = Release|Any CPU
		{EE8D73B8-4EC1-4A47-A1BC-94C79926EBDC}.Debug|Any CPU.ActiveCfg = Debug|Any CPU
		{EE8D73B8-4EC1-4A47-A1BC-94C79926EBDC}.Debug|Any CPU.Build.0 = Debug|Any CPU
		{EE8D73B8-4EC1-4A47-A1BC-94C79926EBDC}.Release|Any CPU.ActiveCfg = Release|Any CPU
		{EE8D73B8-4EC1-4A47-A1BC-94C79926EBDC}.Release|Any CPU.Build.0 = Release|Any CPU
		{D028E4A8-A7EC-4EB6-A0CA-8AF77FB7318B}.Debug|Any CPU.ActiveCfg = Debug|Any CPU
		{D028E4A8-A7EC-4EB6-A0CA-8AF77FB7318B}.Debug|Any CPU.Build.0 = Debug|Any CPU
		{D028E4A8-A7EC-4EB6-A0CA-8AF77FB7318B}.Release|Any CPU.ActiveCfg = Release|Any CPU
		{D028E4A8-A7EC-4EB6-A0CA-8AF77FB7318B}.Release|Any CPU.Build.0 = Release|Any CPU
		{18A98760-F07F-4560-8FA2-AB527228AE35}.Debug|Any CPU.ActiveCfg = Debug|Any CPU
		{18A98760-F07F-4560-8FA2-AB527228AE35}.Debug|Any CPU.Build.0 = Debug|Any CPU
		{18A98760-F07F-4560-8FA2-AB527228AE35}.Release|Any CPU.ActiveCfg = Release|Any CPU
		{18A98760-F07F-4560-8FA2-AB527228AE35}.Release|Any CPU.Build.0 = Release|Any CPU
		{3A287FA8-EB44-49C9-AEA4-F22787FABA85}.Debug|Any CPU.ActiveCfg = Debug|Any CPU
		{3A287FA8-EB44-49C9-AEA4-F22787FABA85}.Debug|Any CPU.Build.0 = Debug|Any CPU
		{3A287FA8-EB44-49C9-AEA4-F22787FABA85}.Release|Any CPU.ActiveCfg = Release|Any CPU
		{3A287FA8-EB44-49C9-AEA4-F22787FABA85}.Release|Any CPU.Build.0 = Release|Any CPU
		{FEA10060-3F14-44F8-BC9E-526F0F7E6842}.Debug|Any CPU.ActiveCfg = Debug|Any CPU
		{FEA10060-3F14-44F8-BC9E-526F0F7E6842}.Debug|Any CPU.Build.0 = Debug|Any CPU
		{FEA10060-3F14-44F8-BC9E-526F0F7E6842}.Release|Any CPU.ActiveCfg = Release|Any CPU
		{FEA10060-3F14-44F8-BC9E-526F0F7E6842}.Release|Any CPU.Build.0 = Release|Any CPU
	EndGlobalSection
	GlobalSection(SolutionProperties) = preSolution
		HideSolutionNode = FALSE
	EndGlobalSection
	GlobalSection(NestedProjects) = preSolution
		{0CC3F163-8816-487E-83E4-A279D997CFE8} = {E9D3524A-D48E-44E7-9B2D-8EDBA4A95BAE}
		{AE545620-230B-4F42-B828-DEDC86ACDC7E} = {E9D3524A-D48E-44E7-9B2D-8EDBA4A95BAE}
		{BC2EB82A-8AD0-44DE-BA41-F2C6A3F819EE} = {D16805EC-C999-4353-9CFB-E30CFC0E5B69}
		{92E96F8F-7F78-475C-A85C-A4152926824C} = {D16805EC-C999-4353-9CFB-E30CFC0E5B69}
		{095D1E41-0F3F-4033-BEF7-BB8AC317982B} = {D16805EC-C999-4353-9CFB-E30CFC0E5B69}
		{07132A06-43E6-4694-981B-3DAD13E34E59} = {6E380B4D-16C6-4C88-B5D1-316B0F471F0D}
		{1FFC5835-0839-4BA4-9BA4-E421CFC86DBF} = {6E380B4D-16C6-4C88-B5D1-316B0F471F0D}
		{EE8D73B8-4EC1-4A47-A1BC-94C79926EBDC} = {E9D3524A-D48E-44E7-9B2D-8EDBA4A95BAE}
		{D028E4A8-A7EC-4EB6-A0CA-8AF77FB7318B} = {6BF870FA-437D-414A-8131-7F06E62E3221}
		{18A98760-F07F-4560-8FA2-AB527228AE35} = {6BF870FA-437D-414A-8131-7F06E62E3221}
		{3A287FA8-EB44-49C9-AEA4-F22787FABA85} = {D16805EC-C999-4353-9CFB-E30CFC0E5B69}
		{FEA10060-3F14-44F8-BC9E-526F0F7E6842} = {6E380B4D-16C6-4C88-B5D1-316B0F471F0D}
	EndGlobalSection
	GlobalSection(ExtensibilityGlobals) = postSolution
		SolutionGuid = {93055E6E-3C31-4104-8D53-557941B82070}
	EndGlobalSection
EndGlobal
